
Microsoft Visual Studio Solution File, Format Version 11.00
# Visual Studio 2010
Project("{FAE04EC0-301F-11D3-BF4B-00C04F79EFBC}") = "gitfirsttest", "gitfirsttest\gitfirsttest.csproj", "{647F12BC-8F14-4B60-987B-17C855CD4CCC}"
EndProject
Global
	GlobalSection(SolutionConfigurationPlatforms) = preSolution
		Debug|x86 = Debug|x86
		Release|x86 = Release|x86
	EndGlobalSection
	GlobalSection(ProjectConfigurationPlatforms) = postSolution
		{647F12BC-8F14-4B60-987B-17C855CD4CCC}.Debug|x86.ActiveCfg = Debug|x86
		{647F12BC-8F14-4B60-987B-17C855CD4CCC}.Debug|x86.Build.0 = Debug|x86
		{647F12BC-8F14-4B60-987B-17C855CD4CCC}.Release|x86.ActiveCfg = Release|x86
		{647F12BC-8F14-4B60-987B-17C855CD4CCC}.Release|x86.Build.0 = Release|x86
	EndGlobalSection
	GlobalSection(SolutionProperties) = preSolution
		HideSolutionNode = FALSE
	EndGlobalSection
EndGlobal
